
Microsoft Visual Studio Solution File, Format Version 12.00
# Visual Studio Version 17
VisualStudioVersion = 17.10.35201.131
MinimumVisualStudioVersion = 10.0.40219.1
Project("{FAE04EC0-301F-11D3-BF4B-00C04F79EFBC}") = "copyTextThread", "copyTextThread\copyTextThread.csproj", "{DBDDAECB-642B-4FE2-8A40-5F6955151AED}"
EndProject
Global
	GlobalSection(SolutionConfigurationPlatforms) = preSolution
		Debug|Any CPU = Debug|Any CPU
		Release|Any CPU = Release|Any CPU
	EndGlobalSection
	GlobalSection(ProjectConfigurationPlatforms) = postSolution
		{DBDDAECB-642B-4FE2-8A40-5F6955151AED}.Debug|Any CPU.ActiveCfg = Debug|Any CPU
		{DBDDAECB-642B-4FE2-8A40-5F6955151AED}.Debug|Any CPU.Build.0 = Debug|Any CPU
		{DBDDAECB-642B-4FE2-8A40-5F6955151AED}.Release|Any CPU.ActiveCfg = Release|Any CPU
		{DBDDAECB-642B-4FE2-8A40-5F6955151AED}.Release|Any CPU.Build.0 = Release|Any CPU
	EndGlobalSection
	GlobalSection(SolutionProperties) = preSolution
		HideSolutionNode = FALSE
	EndGlobalSection
	GlobalSection(ExtensibilityGlobals) = postSolution
		SolutionGuid = {7D609A1D-780B-45DB-B40A-5882B74ED82B}
	EndGlobalSection
EndGlobal
